PODS:
  - Alamofire (4.3.0)
  - Argo (4.1.1):
    - Runes (>= 4.0.0)
  - Curry (3.0.0)
  - Kingfisher (3.2.4)
  - Runes (4.0.1)
  - RxCocoa (3.0.1):
    - RxSwift (~> 3.0)
  - RxSwift (3.0.1)

DEPENDENCIES:
  - Alamofire (~> 4.0)
  - Argo
  - Curry
  - Kingfisher (~> 3.2)
  - RxCocoa (~> 3.0.0.beta.1)
  - RxSwift (~> 3.0.0.beta.1)

SPEC CHECKSUMS:
  Alamofire: 856a113053a7bc9cbe5d6367a555d773fc5cfef7
  Argo: 014ac072f97462bc1a9b83d302edb351488a532f
  Curry: eb3d2c75aec678b3cc7fb2729d2ad6dd121531d1
  Kingfisher: 8d80f39da403cd9c9ee11984e1655f4d6a566cdb
  Runes: ff20f163b478ac2c0e18158d6086fd5b1997f983
  RxCocoa: 15a52fc590dcc700cb4a690a633b5c5184ce3a78
  RxSwift: af5680055c4ad04480189c52d28385b1029493a6

PODFILE CHECKSUM: 8b2618da5cef1f33269a99d81732ee040e69b6e4

COCOAPODS: 1.2.0.rc.1
